
Microsoft Visual Studio Solution File, Format Version 12.00
# Visual Studio Version 16
VisualStudioVersion = 16.0.30717.126
MinimumVisualStudioVersion = 10.0.40219.1
Project("{FAE04EC0-301F-11D3-BF4B-00C04F79EFBC}") = "TaskManager", "TaskManager\TaskManager.csproj", "{5BF48D95-B223-4A3C-B70D-04C53415BE1C}"
EndProject
Global
	GlobalSection(SolutionConfigurationPlatforms) = preSolution
		Debug|Any CPU = Debug|Any CPU
		Release|Any CPU = Release|Any CPU
	EndGlobalSection
	GlobalSection(ProjectConfigurationPlatforms) = postSolution
		{5BF48D95-B223-4A3C-B70D-04C53415BE1C}.Debug|Any CPU.ActiveCfg = Debug|Any CPU
		{5BF48D95-B223-4A3C-B70D-04C53415BE1C}.Debug|Any CPU.Build.0 = Debug|Any CPU
		{5BF48D95-B223-4A3C-B70D-04C53415BE1C}.Release|Any CPU.ActiveCfg = Release|Any CPU
		{5BF48D95-B223-4A3C-B70D-04C53415BE1C}.Release|Any CPU.Build.0 = Release|Any CPU
	EndGlobalSection
	GlobalSection(SolutionProperties) = preSolution
		HideSolutionNode = FALSE
	EndGlobalSection
	GlobalSection(ExtensibilityGlobals) = postSolution
		SolutionGuid = {25762325-7110-470C-9FA7-F40214DBBEBC}
	EndGlobalSection
EndGlobal
